
Microsoft Visual Studio Solution File, Format Version 12.00
# Visual Studio Version 16
VisualStudioVersion = 16.0.30309.148
MinimumVisualStudioVersion = 10.0.40219.1
Project("{FAE04EC0-301F-11D3-BF4B-00C04F79EFBC}") = "DansGame", "DansGame.csproj", "{7C95A3BD-13A9-49FB-892F-77B48605E67C}"
EndProject
Global
	GlobalSection(SolutionConfigurationPlatforms) = preSolution
		Debug|Any CPU = Debug|Any CPU
		Release|Any CPU = Release|Any CPU
	EndGlobalSection
	GlobalSection(ProjectConfigurationPlatforms) = postSolution
		{7C95A3BD-13A9-49FB-892F-77B48605E67C}.Debug|Any CPU.ActiveCfg = Debug|Any CPU
		{7C95A3BD-13A9-49FB-892F-77B48605E67C}.Debug|Any CPU.Build.0 = Debug|Any CPU
		{7C95A3BD-13A9-49FB-892F-77B48605E67C}.Release|Any CPU.ActiveCfg = Release|Any CPU
		{7C95A3BD-13A9-49FB-892F-77B48605E67C}.Release|Any CPU.Build.0 = Release|Any CPU
	EndGlobalSection
	GlobalSection(SolutionProperties) = preSolution
		HideSolutionNode = FALSE
	EndGlobalSection
	GlobalSection(ExtensibilityGlobals) = postSolution
		SolutionGuid = {D4BBBA46-1F2C-441B-8359-4CF74DC91748}
	EndGlobalSection
EndGlobal
